
Microsoft Visual Studio Solution File, Format Version 12.00
# Visual Studio Version 16
VisualStudioVersion = 16.0.29905.134
MinimumVisualStudioVersion = 10.0.40219.1
Project("{FAE04EC0-301F-11D3-BF4B-00C04F79EFBC}") = "Lesson01_LW01", "Lesson01_LW01\Lesson01_LW01.csproj", "{374C453D-34F0-45CF-8702-409AC473D96C}"
EndProject
Project("{FAE04EC0-301F-11D3-BF4B-00C04F79EFBC}") = "Lesson01_LW02", "Lesson01_LW02\Lesson01_LW02.csproj", "{9680F8B8-9E8C-468B-9A9C-0C37D7D483AC}"
EndProject
Project("{FAE04EC0-301F-11D3-BF4B-00C04F79EFBC}") = "Lesson01_pdfHW_extra", "Lesson01_pdfHW_extra\Lesson01_pdfHW_extra.csproj", "{E47F09F8-7012-47AB-BE43-3B0C8D5CE2C4}"
EndProject
Project("{FAE04EC0-301F-11D3-BF4B-00C04F79EFBC}") = "Lesson01_pdfHW02", "Lesson01_pdfHW02\Lesson01_pdfHW02.csproj", "{F426DFF9-347C-412E-9478-2E3AC9F78CC0}"
EndProject
Project("{FAE04EC0-301F-11D3-BF4B-00C04F79EFBC}") = "Lesson01_pdfHW03", "Lesson01_pdfHW03\Lesson01_pdfHW03.csproj", "{FA82E2F1-D347-4B26-9E16-6041A4E96D0D}"
EndProject
Project("{FAE04EC0-301F-11D3-BF4B-00C04F79EFBC}") = "Lesson01_pdfHW04", "Lesson01_pdfHW04\Lesson01_pdfHW04.csproj", "{F7BEEFFB-967E-476B-A09E-7CCB6403C36F}"
EndProject
Project("{FAE04EC0-301F-11D3-BF4B-00C04F79EFBC}") = "Lesson02_HW01", "Lesson02_HW01\Lesson02_HW01.csproj", "{64A25544-92E9-465D-9347-DDD7E19837B0}"
EndProject
Project("{FAE04EC0-301F-11D3-BF4B-00C04F79EFBC}") = "Lesson02_LW01", "Lesson02_LW01\Lesson02_LW01.csproj", "{7366AFCA-0C77-497A-94BE-76FE63A1753A}"
EndProject
Project("{FAE04EC0-301F-11D3-BF4B-00C04F79EFBC}") = "Lesson02_LW02", "Lesson02_LW02\Lesson02_LW02.csproj", "{87C4B49F-CD72-4B4E-ADE8-42B1C7C2564A}"
EndProject
Project("{FAE04EC0-301F-11D3-BF4B-00C04F79EFBC}") = "Lesson02_pdfHW_extra", "Lesson02_pdfHW_extra\Lesson02_pdfHW_extra.csproj", "{16183FFB-10D9-4673-A82C-2AB80568BA75}"
EndProject
Project("{FAE04EC0-301F-11D3-BF4B-00C04F79EFBC}") = "Lesson02_pdfHW02", "Lesson02_pdfHW02\Lesson02_pdfHW02.csproj", "{C75CD158-9397-4CB8-A77F-BEA4D8233CE4}"
EndProject
Project("{FAE04EC0-301F-11D3-BF4B-00C04F79EFBC}") = "Lesson02_pdfHW03", "Lesson02_pdfHW03\Lesson02_pdfHW03.csproj", "{F7D92EF0-F9B5-4AEF-996E-42B2A12CB86D}"
EndProject
Project("{FAE04EC0-301F-11D3-BF4B-00C04F79EFBC}") = "Lesson02_pdfHW04", "Lesson02_pdfHW04\Lesson02_pdfHW04.csproj", "{345704FC-89B8-4560-A1F9-26027493864A}"
EndProject
Project("{FAE04EC0-301F-11D3-BF4B-00C04F79EFBC}") = "Lesson03_HW01", "Lesson03_HW01\Lesson03_HW01.csproj", "{FBA1A364-7C6C-4140-9446-2AD2DCD6A076}"
EndProject
Project("{FAE04EC0-301F-11D3-BF4B-00C04F79EFBC}") = "Lesson03_LW01", "Lesson03_LW01\Lesson03_LW01.csproj", "{E6BAA3F7-4E32-44E7-B4CA-E23A2D0B9BF0}"
EndProject
Project("{FAE04EC0-301F-11D3-BF4B-00C04F79EFBC}") = "Lesson03_LW01_old", "Lesson03_LW01_old\Lesson03_LW01_old.csproj", "{CECF2038-BFEA-4D68-A6A7-AA16A2B15A91}"
EndProject
Project("{FAE04EC0-301F-11D3-BF4B-00C04F79EFBC}") = "Lesson03_pdfHW_extra", "Lesson03_pdfHW_extra\Lesson03_pdfHW_extra.csproj", "{0CDAB089-7957-42AF-9EC2-6903F0DADF60}"
EndProject
Project("{FAE04EC0-301F-11D3-BF4B-00C04F79EFBC}") = "Lesson03_pdfHW02", "Lesson03_pdfHW02\Lesson03_pdfHW02.csproj", "{CB59E956-4448-4B31-966A-0FC9808DE8E2}"
EndProject
Project("{FAE04EC0-301F-11D3-BF4B-00C04F79EFBC}") = "Lesson03_pdfHW03", "Lesson03_pdfHW03\Lesson03_pdfHW03.csproj", "{699AD334-A19A-4A80-A937-03B7FB44E0A6}"
EndProject
Project("{FAE04EC0-301F-11D3-BF4B-00C04F79EFBC}") = "Lesson03_pdfHW04", "Lesson03_pdfHW04\Lesson03_pdfHW04.csproj", "{3D06C7E2-BE8E-4FB3-9F5D-607F091248F8}"
EndProject
Global
	GlobalSection(SolutionConfigurationPlatforms) = preSolution
		Debug|Any CPU = Debug|Any CPU
		Release|Any CPU = Release|Any CPU
	EndGlobalSection
	GlobalSection(ProjectConfigurationPlatforms) = postSolution
		{374C453D-34F0-45CF-8702-409AC473D96C}.Debug|Any CPU.ActiveCfg = Debug|Any CPU
		{374C453D-34F0-45CF-8702-409AC473D96C}.Debug|Any CPU.Build.0 = Debug|Any CPU
		{374C453D-34F0-45CF-8702-409AC473D96C}.Release|Any CPU.ActiveCfg = Release|Any CPU
		{374C453D-34F0-45CF-8702-409AC473D96C}.Release|Any CPU.Build.0 = Release|Any CPU
		{9680F8B8-9E8C-468B-9A9C-0C37D7D483AC}.Debug|Any CPU.ActiveCfg = Debug|Any CPU
		{9680F8B8-9E8C-468B-9A9C-0C37D7D483AC}.Debug|Any CPU.Build.0 = Debug|Any CPU
		{9680F8B8-9E8C-468B-9A9C-0C37D7D483AC}.Release|Any CPU.ActiveCfg = Release|Any CPU
		{9680F8B8-9E8C-468B-9A9C-0C37D7D483AC}.Release|Any CPU.Build.0 = Release|Any CPU
		{E47F09F8-7012-47AB-BE43-3B0C8D5CE2C4}.Debug|Any CPU.ActiveCfg = Debug|Any CPU
		{E47F09F8-7012-47AB-BE43-3B0C8D5CE2C4}.Debug|Any CPU.Build.0 = Debug|Any CPU
		{E47F09F8-7012-47AB-BE43-3B0C8D5CE2C4}.Release|Any CPU.ActiveCfg = Release|Any CPU
		{E47F09F8-7012-47AB-BE43-3B0C8D5CE2C4}.Release|Any CPU.Build.0 = Release|Any CPU
		{F426DFF9-347C-412E-9478-2E3AC9F78CC0}.Debug|Any CPU.ActiveCfg = Debug|Any CPU
		{F426DFF9-347C-412E-9478-2E3AC9F78CC0}.Debug|Any CPU.Build.0 = Debug|Any CPU
		{F426DFF9-347C-412E-9478-2E3AC9F78CC0}.Release|Any CPU.ActiveCfg = Release|Any CPU
		{F426DFF9-347C-412E-9478-2E3AC9F78CC0}.Release|Any CPU.Build.0 = Release|Any CPU
		{FA82E2F1-D347-4B26-9E16-6041A4E96D0D}.Debug|Any CPU.ActiveCfg = Debug|Any CPU
		{FA82E2F1-D347-4B26-9E16-6041A4E96D0D}.Debug|Any CPU.Build.0 = Debug|Any CPU
		{FA82E2F1-D347-4B26-9E16-6041A4E96D0D}.Release|Any CPU.ActiveCfg = Release|Any CPU
		{FA82E2F1-D347-4B26-9E16-6041A4E96D0D}.Release|Any CPU.Build.0 = Release|Any CPU
		{F7BEEFFB-967E-476B-A09E-7CCB6403C36F}.Debug|Any CPU.ActiveCfg = Debug|Any CPU
		{F7BEEFFB-967E-476B-A09E-7CCB6403C36F}.Debug|Any CPU.Build.0 = Debug|Any CPU
		{F7BEEFFB-967E-476B-A09E-7CCB6403C36F}.Release|Any CPU.ActiveCfg = Release|Any CPU
		{F7BEEFFB-967E-476B-A09E-7CCB6403C36F}.Release|Any CPU.Build.0 = Release|Any CPU
		{64A25544-92E9-465D-9347-DDD7E19837B0}.Debug|Any CPU.ActiveCfg = Debug|Any CPU
		{64A25544-92E9-465D-9347-DDD7E19837B0}.Debug|Any CPU.Build.0 = Debug|Any CPU
		{64A25544-92E9-465D-9347-DDD7E19837B0}.Release|Any CPU.ActiveCfg = Release|Any CPU
		{64A25544-92E9-465D-9347-DDD7E19837B0}.Release|Any CPU.Build.0 = Release|Any CPU
		{7366AFCA-0C77-497A-94BE-76FE63A1753A}.Debug|Any CPU.ActiveCfg = Debug|Any CPU
		{7366AFCA-0C77-497A-94BE-76FE63A1753A}.Debug|Any CPU.Build.0 = Debug|Any CPU
		{7366AFCA-0C77-497A-94BE-76FE63A1753A}.Release|Any CPU.ActiveCfg = Release|Any CPU
		{7366AFCA-0C77-497A-94BE-76FE63A1753A}.Release|Any CPU.Build.0 = Release|Any CPU
		{87C4B49F-CD72-4B4E-ADE8-42B1C7C2564A}.Debug|Any CPU.ActiveCfg = Debug|Any CPU
		{87C4B49F-CD72-4B4E-ADE8-42B1C7C2564A}.Debug|Any CPU.Build.0 = Debug|Any CPU
		{87C4B49F-CD72-4B4E-ADE8-42B1C7C2564A}.Release|Any CPU.ActiveCfg = Release|Any CPU
		{87C4B49F-CD72-4B4E-ADE8-42B1C7C2564A}.Release|Any CPU.Build.0 = Release|Any CPU
		{16183FFB-10D9-4673-A82C-2AB80568BA75}.Debug|Any CPU.ActiveCfg = Debug|Any CPU
		{16183FFB-10D9-4673-A82C-2AB80568BA75}.Debug|Any CPU.Build.0 = Debug|Any CPU
		{16183FFB-10D9-4673-A82C-2AB80568BA75}.Release|Any CPU.ActiveCfg = Release|Any CPU
		{16183FFB-10D9-4673-A82C-2AB80568BA75}.Release|Any CPU.Build.0 = Release|Any CPU
		{C75CD158-9397-4CB8-A77F-BEA4D8233CE4}.Debug|Any CPU.ActiveCfg = Debug|Any CPU
		{C75CD158-9397-4CB8-A77F-BEA4D8233CE4}.Debug|Any CPU.Build.0 = Debug|Any CPU
		{C75CD158-9397-4CB8-A77F-BEA4D8233CE4}.Release|Any CPU.ActiveCfg = Release|Any CPU
		{C75CD158-9397-4CB8-A77F-BEA4D8233CE4}.Release|Any CPU.Build.0 = Release|Any CPU
		{F7D92EF0-F9B5-4AEF-996E-42B2A12CB86D}.Debug|Any CPU.ActiveCfg = Debug|Any CPU
		{F7D92EF0-F9B5-4AEF-996E-42B2A12CB86D}.Debug|Any CPU.Build.0 = Debug|Any CPU
		{F7D92EF0-F9B5-4AEF-996E-42B2A12CB86D}.Release|Any CPU.ActiveCfg = Release|Any CPU
		{F7D92EF0-F9B5-4AEF-996E-42B2A12CB86D}.Release|Any CPU.Build.0 = Release|Any CPU
		{345704FC-89B8-4560-A1F9-26027493864A}.Debug|Any CPU.ActiveCfg = Debug|Any CPU
		{345704FC-89B8-4560-A1F9-26027493864A}.Debug|Any CPU.Build.0 = Debug|Any CPU
		{345704FC-89B8-4560-A1F9-26027493864A}.Release|Any CPU.ActiveCfg = Release|Any CPU
		{345704FC-89B8-4560-A1F9-26027493864A}.Release|Any CPU.Build.0 = Release|Any CPU
		{FBA1A364-7C6C-4140-9446-2AD2DCD6A076}.Debug|Any CPU.ActiveCfg = Debug|Any CPU
		{FBA1A364-7C6C-4140-9446-2AD2DCD6A076}.Debug|Any CPU.Build.0 = Debug|Any CPU
		{FBA1A364-7C6C-4140-9446-2AD2DCD6A076}.Release|Any CPU.ActiveCfg = Release|Any CPU
		{FBA1A364-7C6C-4140-9446-2AD2DCD6A076}.Release|Any CPU.Build.0 = Release|Any CPU
		{E6BAA3F7-4E32-44E7-B4CA-E23A2D0B9BF0}.Debug|Any CPU.ActiveCfg = Debug|Any CPU
		{E6BAA3F7-4E32-44E7-B4CA-E23A2D0B9BF0}.Debug|Any CPU.Build.0 = Debug|Any CPU
		{E6BAA3F7-4E32-44E7-B4CA-E23A2D0B9BF0}.Release|Any CPU.ActiveCfg = Release|Any CPU
		{E6BAA3F7-4E32-44E7-B4CA-E23A2D0B9BF0}.Release|Any CPU.Build.0 = Release|Any CPU
		{CECF2038-BFEA-4D68-A6A7-AA16A2B15A91}.Debug|Any CPU.ActiveCfg = Debug|Any CPU
		{CECF2038-BFEA-4D68-A6A7-AA16A2B15A91}.Debug|Any CPU.Build.0 = Debug|Any CPU
		{CECF2038-BFEA-4D68-A6A7-AA16A2B15A91}.Release|Any CPU.ActiveCfg = Release|Any CPU
		{CECF2038-BFEA-4D68-A6A7-AA16A2B15A91}.Release|Any CPU.Build.0 = Release|Any CPU
		{0CDAB089-7957-42AF-9EC2-6903F0DADF60}.Debug|Any CPU.ActiveCfg = Debug|Any CPU
		{0CDAB089-7957-42AF-9EC2-6903F0DADF60}.Debug|Any CPU.Build.0 = Debug|Any CPU
		{0CDAB089-7957-42AF-9EC2-6903F0DADF60}.Release|Any CPU.ActiveCfg = Release|Any CPU
		{0CDAB089-7957-42AF-9EC2-6903F0DADF60}.Release|Any CPU.Build.0 = Release|Any CPU
		{CB59E956-4448-4B31-966A-0FC9808DE8E2}.Debug|Any CPU.ActiveCfg = Debug|Any CPU
		{CB59E956-4448-4B31-966A-0FC9808DE8E2}.Debug|Any CPU.Build.0 = Debug|Any CPU
		{CB59E956-4448-4B31-966A-0FC9808DE8E2}.Release|Any CPU.ActiveCfg = Release|Any CPU
		{CB59E956-4448-4B31-966A-0FC9808DE8E2}.Release|Any CPU.Build.0 = Release|Any CPU
		{699AD334-A19A-4A80-A937-03B7FB44E0A6}.Debug|Any CPU.ActiveCfg = Debug|Any CPU
		{699AD334-A19A-4A80-A937-03B7FB44E0A6}.Debug|Any CPU.Build.0 = Debug|Any CPU
		{699AD334-A19A-4A80-A937-03B7FB44E0A6}.Release|Any CPU.ActiveCfg = Release|Any CPU
		{699AD334-A19A-4A80-A937-03B7FB44E0A6}.Release|Any CPU.Build.0 = Release|Any CPU
		{3D06C7E2-BE8E-4FB3-9F5D-607F091248F8}.Debug|Any CPU.ActiveCfg = Debug|Any CPU
		{3D06C7E2-BE8E-4FB3-9F5D-607F091248F8}.Debug|Any CPU.Build.0 = Debug|Any CPU
		{3D06C7E2-BE8E-4FB3-9F5D-607F091248F8}.Release|Any CPU.ActiveCfg = Release|Any CPU
		{3D06C7E2-BE8E-4FB3-9F5D-607F091248F8}.Release|Any CPU.Build.0 = Release|Any CPU
	EndGlobalSection
	GlobalSection(SolutionProperties) = preSolution
		HideSolutionNode = FALSE
	EndGlobalSection
	GlobalSection(ExtensibilityGlobals) = postSolution
		SolutionGuid = {90AC80D6-D072-4B8D-8461-C3AB0DC177B5}
	EndGlobalSection
EndGlobal
